// !$*UTF8*$!
{
	archiveVersion = 1;
	classes = {
	};
	objectVersion = 46;
	objects = {

/* Begin PBXBuildFile section */
		9C179FB21EE85A6200BAF07C /* main.m in Sources */ = {isa = PBXBuildFile; fileRef = 9C179FB11EE85A6200BAF07C /* main.m */; };
		9C179FB51EE85A6200BAF07C /* AppDelegate.m in Sources */ = {isa = PBXBuildFile; fileRef = 9C179FB41EE85A6200BAF07C /* AppDelegate.m */; };
		9C179FB81EE85A6200BAF07C /* ViewController.m in Sources */ = {isa = PBXBuildFile; fileRef = 9C179FB71EE85A6200BAF07C /* ViewController.m */; };
		9C179FBB1EE85A6200BAF07C /* Main.storyboard in Resources */ = {isa = PBXBuildFile; fileRef = 9C179FB91EE85A6200BAF07C /* Main.storyboard */; };
		9C179FBD1EE85A6200BAF07C /* Assets.xcassets in Resources */ = {isa = PBXBuildFile; fileRef = 9C179FBC1EE85A6200BAF07C /* Assets.xcassets */; };
		9C179FC01EE85A6200BAF07C /* LaunchScreen.storyboard in Resources */ = {isa = PBXBuildFile; fileRef = 9C179FBE1EE85A6200BAF07C /* LaunchScreen.storyboard */; };
		9C179FCB1EE85A6200BAF07C /* SSJKeybordViewDemoTests.m in Sources */ = {isa = PBXBuildFile; fileRef = 9C179FCA1EE85A6200BAF07C /* SSJKeybordViewDemoTests.m */; };
		9C179FD61EE85A6200BAF07C /* SSJKeybordViewDemoUITests.m in Sources */ = {isa = PBXBuildFile; fileRef = 9C179FD51EE85A6200BAF07C /* SSJKeybordViewDemoUITests.m */; };
		9C179FE61EE85AD400BAF07C /* MainVC.m in Sources */ = {isa = PBXBuildFile; fileRef = 9C179FE41EE85AD400BAF07C /* MainVC.m */; };
		9C179FE71EE85AD400BAF07C /* MainVC.xib in Resources */ = {isa = PBXBuildFile; fileRef = 9C179FE51EE85AD400BAF07C /* MainVC.xib */; };
		9C179FEB1EE85AF400BAF07C /* MainTableViewVC.m in Sources */ = {isa = PBXBuildFile; fileRef = 9C179FE91EE85AF400BAF07C /* MainTableViewVC.m */; };
		9C179FEC1EE85AF400BAF07C /* MainTableViewVC.xib in Resources */ = {isa = PBXBuildFile; fileRef = 9C179FEA1EE85AF400BAF07C /* MainTableViewVC.xib */; };
		9C179FF01EE85AFA00BAF07C /* MainTableViewCell.m in Sources */ = {isa = PBXBuildFile; fileRef = 9C179FEE1EE85AFA00BAF07C /* MainTableViewCell.m */; };
		9C179FF11EE85AFA00BAF07C /* MainTableViewCell.xib in Resources */ = {isa = PBXBuildFile; fileRef = 9C179FEF1EE85AFA00BAF07C /* MainTableViewCell.xib */; };
/* End PBXBuildFile section */

/* Begin PBXContainerItemProxy section */
		9C179FC71EE85A6200BAF07C /* PBXContainerItemProxy */ = {
			isa = PBXContainerItemProxy;
			containerPortal = 9C179FA51EE85A6200BAF07C /* Project object */;
			proxyType = 1;
			remoteGlobalIDString = 9C179FAC1EE85A6200BAF07C;
			remoteInfo = SSJKeybordViewDemo;
		};
		9C179FD21EE85A6200BAF07C /* PBXContainerItemProxy */ = {
			isa = PBXContainerItemProxy;
			containerPortal = 9C179FA51EE85A6200BAF07C /* Project object */;
			proxyType = 1;
			remoteGlobalIDString = 9C179FAC1EE85A6200BAF07C;
			remoteInfo = SSJKeybordViewDemo;
		};
/* End PBXContainerItemProxy section */

/* Begin PBXFileReference section */
		9C179FAD1EE85A6200BAF07C /* SSJKeybordViewDemo.app */ = {isa = PBXFileReference; explicitFileType = wrapper.application; includeInIndex = 0; path = SSJKeybordViewDemo.app; sourceTree = BUILT_PRODUCTS_DIR; };
		9C179FB11EE85A6200BAF07C /* main.m */ = {isa = PBXFileReference; lastKnownFileType = sourcecode.c.objc; path = main.m; sourceTree = "<group>"; };
		9C179FB31EE85A6200BAF07C /* AppDelegate.h */ = {isa = PBXFileReference; lastKnownFileType = sourcecode.c.h; path = AppDelegate.h; sourceTree = "<group>"; };
		9C179FB41EE85A6200BAF07C /* AppDelegate.m */ = {isa = PBXFileReference; lastKnownFileType = sourcecode.c.objc; path = AppDelegate.m; sourceTree = "<group>"; };
		9C179FB61EE85A6200BAF07C /* ViewController.h */ = {isa = PBXFileReference; lastKnownFileType = sourcecode.c.h; path = ViewController.h; sourceTree = "<group>"; };
		9C179FB71EE85A6200BAF07C /* ViewController.m */ = {isa = PBXFileReference; lastKnownFileType = sourcecode.c.objc; path = ViewController.m; sourceTree = "<group>"; };
		9C179FBA1EE85A6200BAF07C /* Base */ = {isa = PBXFileReference; lastKnownFileType = file.storyboard; name = Base; path = Base.lproj/Main.storyboard; sourceTree = "<group>"; };
		9C179FBC1EE85A6200BAF07C /* Assets.xcassets */ = {isa = PBXFileReference; lastKnownFileType = folder.assetcatalog; path = Assets.xcassets; sourceTree = "<group>"; };
		9C179FBF1EE85A6200BAF07C /* Base */ = {isa = PBXFileReference; lastKnownFileType = file.storyboard; name = Base; path = Base.lproj/LaunchScreen.storyboard; sourceTree = "<group>"; };
		9C179FC11EE85A6200BAF07C /* Info.plist */ = {isa = PBXFileReference; lastKnownFileType = text.plist.xml; path = Info.plist; sourceTree = "<group>"; };
		9C179FC61EE85A6200BAF07C /* SSJKeybordViewDemoTests.xctest */ = {isa = PBXFileReference; explicitFileType = wrapper.cfbundle; includeInIndex = 0; path = SSJKeybordViewDemoTests.xctest; sourceTree = BUILT_PRODUCTS_DIR; };
		9C179FCA1EE85A6200BAF07C /* SSJKeybordViewDemoTests.m */ = {isa = PBXFileReference; lastKnownFileType = sourcecode.c.objc; path = SSJKeybordViewDemoTests.m; sourceTree = "<group>"; };
		9C179FCC1EE85A6200BAF07C /* Info.plist */ = {isa = PBXFileReference; lastKnownFileType = text.plist.xml; path = Info.plist; sourceTree = "<group>"; };
		9C179FD11EE85A6200BAF07C /* SSJKeybordViewDemoUITests.xctest */ = {isa = PBXFileReference; explicitFileType = wrapper.cfbundle; includeInIndex = 0; path = SSJKeybordViewDemoUITests.xctest; sourceTree = BUILT_PRODUCTS_DIR; };
		9C179FD51EE85A6200BAF07C /* SSJKeybordViewDemoUITests.m */ = {isa = PBXFileReference; lastKnownFileType = sourcecode.c.objc; path = SSJKeybordViewDemoUITests.m; sourceTree = "<group>"; };
		9C179FD71EE85A6200BAF07C /* Info.plist */ = {isa = PBXFileReference; lastKnownFileType = text.plist.xml; path = Info.plist; sourceTree = "<group>"; };
		9C179FE31EE85AD400BAF07C /* MainVC.h */ = {isa = PBXFileReference; fileEncoding = 4; lastKnownFileType = sourcecode.c.h; path = MainVC.h; sourceTree = "<group>"; };
		9C179FE41EE85AD400BAF07C /* MainVC.m */ = {isa = PBXFileReference; fileEncoding = 4; lastKnownFileType = sourcecode.c.objc; path = MainVC.m; sourceTree = "<group>"; };
		9C179FE51EE85AD400BAF07C /* MainVC.xib */ = {isa = PBXFileReference; fileEncoding = 4; lastKnownFileType = file.xib; path = MainVC.xib; sourceTree = "<group>"; };
		9C179FE81EE85AF400BAF07C /* MainTableViewVC.h */ = {isa = PBXFileReference; fileEncoding = 4; lastKnownFileType = sourcecode.c.h; path = MainTableViewVC.h; sourceTree = "<group>"; };
		9C179FE91EE85AF400BAF07C /* MainTableViewVC.m */ = {isa = PBXFileReference; fileEncoding = 4; lastKnownFileType = sourcecode.c.objc; path = MainTableViewVC.m; sourceTree = "<group>"; };
		9C179FEA1EE85AF400BAF07C /* MainTableViewVC.xib */ = {isa = PBXFileReference; fileEncoding = 4; lastKnownFileType = file.xib; path = MainTableViewVC.xib; sourceTree = "<group>"; };
		9C179FED1EE85AFA00BAF07C /* MainTableViewCell.h */ = {isa = PBXFileReference; fileEncoding = 4; lastKnownFileType = sourcecode.c.h; path = MainTableViewCell.h; sourceTree = "<group>"; };
		9C179FEE1EE85AFA00BAF07C /* MainTableViewCell.m */ = {isa = PBXFileReference; fileEncoding = 4; lastKnownFileType = sourcecode.c.objc; path = MainTableViewCell.m; sourceTree = "<group>"; };
		9C179FEF1EE85AFA00BAF07C /* MainTableViewCell.xib */ = {isa = PBXFileReference; fileEncoding = 4; lastKnownFileType = file.xib; path = MainTableViewCell.xib; sourceTree = "<group>"; };
/* End PBXFileReference section */

/* Begin PBXFrameworksBuildPhase section */
		9C179FAA1EE85A6200BAF07C /* Frameworks */ = {
			isa = PBXFrameworksBuildPhase;
			buildActionMask = 2147483647;
			files = (
			);
			runOnlyForDeploymentPostprocessing = 0;
		};
		9C179FC31EE85A6200BAF07C /* Frameworks */ = {
			isa = PBXFrameworksBuildPhase;
			buildActionMask = 2147483647;
			files = (
			);
			runOnlyForDeploymentPostprocessing = 0;
		};
		9C179FCE1EE85A6200BAF07C /* Frameworks */ = {
			isa = PBXFrameworksBuildPhase;
			buildActionMask = 2147483647;
			files = (
			);
			runOnlyForDeploymentPostprocessing = 0;
		};
/* End PBXFrameworksBuildPhase section */

/* Begin PBXGroup section */
		9C179FA41EE85A6200BAF07C = {
			isa = PBXGroup;
			children = (
				9C179FAF1EE85A6200BAF07C /* SSJKeybordViewDemo */,
				9C179FC91EE85A6200BAF07C /* SSJKeybordViewDemoTests */,
				9C179FD41EE85A6200BAF07C /* SSJKeybordViewDemoUITests */,
				9C179FAE1EE85A6200BAF07C /* Products */,
			);
			sourceTree = "<group>";
		};
		9C179FAE1EE85A6200BAF07C /* Products */ = {
			isa = PBXGroup;
			children = (
				9C179FAD1EE85A6200BAF07C /* SSJKeybordViewDemo.app */,
				9C179FC61EE85A6200BAF07C /* SSJKeybordViewDemoTests.xctest */,
				9C179FD11EE85A6200BAF07C /* SSJKeybordViewDemoUITests.xctest */,
			);
			name = Products;
			sourceTree = "<group>";
		};
		9C179FAF1EE85A6200BAF07C /* SSJKeybordViewDemo */ = {
			isa = PBXGroup;
			children = (
				9C179FB31EE85A6200BAF07C /* AppDelegate.h */,
				9C179FB41EE85A6200BAF07C /* AppDelegate.m */,
				9C179FE31EE85AD400BAF07C /* MainVC.h */,
				9C179FE41EE85AD400BAF07C /* MainVC.m */,
				9C179FE51EE85AD400BAF07C /* MainVC.xib */,
				9C179FE81EE85AF400BAF07C /* MainTableViewVC.h */,
				9C179FE91EE85AF400BAF07C /* MainTableViewVC.m */,
				9C179FEA1EE85AF400BAF07C /* MainTableViewVC.xib */,
				9C179FED1EE85AFA00BAF07C /* MainTableViewCell.h */,
				9C179FEE1EE85AFA00BAF07C /* MainTableViewCell.m */,
				9C179FEF1EE85AFA00BAF07C /* MainTableViewCell.xib */,
				9C179FBC1EE85A6200BAF07C /* Assets.xcassets */,
				9C179FC11EE85A6200BAF07C /* Info.plist */,
				9C179FB01EE85A6200BAF07C /* Supporting Files */,
			);
			path = SSJKeybordViewDemo;
			sourceTree = "<group>";
		};
		9C179FB01EE85A6200BAF07C /* Supporting Files */ = {
			isa = PBXGroup;
			children = (
				9C179FBE1EE85A6200BAF07C /* LaunchScreen.storyboard */,
				9C179FB61EE85A6200BAF07C /* ViewController.h */,
				9C179FB71EE85A6200BAF07C /* ViewController.m */,
				9C179FB91EE85A6200BAF07C /* Main.storyboard */,
				9C179FB11EE85A6200BAF07C /* main.m */,
			);
			name = "Supporting Files";
			sourceTree = "<group>";
		};
		9C179FC91EE85A6200BAF07C /* SSJKeybordViewDemoTests */ = {
			isa = PBXGroup;
			children = (
				9C179FCA1EE85A6200BAF07C /* SSJKeybordViewDemoTests.m */,
				9C179FCC1EE85A6200BAF07C /* Info.plist */,
			);
			path = SSJKeybordViewDemoTests;
			sourceTree = "<group>";
		};
		9C179FD41EE85A6200BAF07C /* SSJKeybordViewDemoUITests */ = {
			isa = PBXGroup;
			children = (
				9C179FD51EE85A6200BAF07C /* SSJKeybordViewDemoUITests.m */,
				9C179FD71EE85A6200BAF07C /* Info.plist */,
			);
			path = SSJKeybordViewDemoUITests;
			sourceTree = "<group>";
		};
/* End PBXGroup section */

/* Begin PBXNativeTarget section */
		9C179FAC1EE85A6200BAF07C /* SSJKeybordViewDemo */ = {
			isa = PBXNativeTarget;
			buildConfigurationList = 9C179FDA1EE85A6200BAF07C /* Build configuration list for PBXNativeTarget "SSJKeybordViewDemo" */;
			buildPhases = (
				9C179FA91EE85A6200BAF07C /* Sources */,
				9C179FAA1EE85A6200BAF07C /* Frameworks */,
				9C179FAB1EE85A6200BAF07C /* Resources */,
			);
			buildRules = (
			);
			dependencies = (
			);
			name = SSJKeybordViewDemo;
			productName = SSJKeybordViewDemo;
			productReference = 9C179FAD1EE85A6200BAF07C /* SSJKeybordViewDemo.app */;
			productType = "com.apple.product-type.application";
		};
		9C179FC51EE85A6200BAF07C /* SSJKeybordViewDemoTests */ = {
			isa = PBXNativeTarget;
			buildConfigurationList = 9C179FDD1EE85A6200BAF07C /* Build configuration list for PBXNativeTarget "SSJKeybordViewDemoTests" */;
			buildPhases = (
				9C179FC21EE85A6200BAF07C /* Sources */,
				9C179FC31EE85A6200BAF07C /* Frameworks */,
				9C179FC41EE85A6200BAF07C /* Resources */,
			);
			buildRules = (
			);
			dependencies = (
				9C179FC81EE85A6200BAF07C /* PBXTargetDependency */,
			);
			name = SSJKeybordViewDemoTests;
			productName = SSJKeybordViewDemoTests;
			productReference = 9C179FC61EE85A6200BAF07C /* SSJKeybordViewDemoTests.xctest */;
			productType = "com.apple.product-type.bundle.unit-test";
		};
		9C179FD01EE85A6200BAF07C /* SSJKeybordViewDemoUITests */ = {
			isa = PBXNativeTarget;
			buildConfigurationList = 9C179FE01EE85A6200BAF07C /* Build configuration list for PBXNativeTarget "SSJKeybordViewDemoUITests" */;
			buildPhases = (
				9C179FCD1EE85A6200BAF07C /* Sources */,
				9C179FCE1EE85A6200BAF07C /* Frameworks */,
				9C179FCF1EE85A6200BAF07C /* Resources */,
			);
			buildRules = (
			);
			dependencies = (
				9C179FD31EE85A6200BAF07C /* PBXTargetDependency */,
			);
			name = SSJKeybordViewDemoUITests;
			productName = SSJKeybordViewDemoUITests;
			productReference = 9C179FD11EE85A6200BAF07C /* SSJKeybordViewDemoUITests.xctest */;
			productType = "com.apple.product-type.bundle.ui-testing";
		};
/* End PBXNativeTarget section */

/* Begin PBXProject section */
		9C179FA51EE85A6200BAF07C /* Project object */ = {
			isa = PBXProject;
			attributes = {
				LastUpgradeCheck = 0830;
				ORGANIZATIONNAME = jssName;
				TargetAttributes = {
					9C179FAC1EE85A6200BAF07C = {
						CreatedOnToolsVersion = 8.3.2;
						DevelopmentTeam = 8D36WP6M3N;
						ProvisioningStyle = Automatic;
					};
					9C179FC51EE85A6200BAF07C = {
						CreatedOnToolsVersion = 8.3.2;
						ProvisioningStyle = Automatic;
						TestTargetID = 9C179FAC1EE85A6200BAF07C;
					};
					9C179FD01EE85A6200BAF07C = {
						CreatedOnToolsVersion = 8.3.2;
						ProvisioningStyle = Automatic;
						TestTargetID = 9C179FAC1EE85A6200BAF07C;
					};
				};
			};
			buildConfigurationList = 9C179FA81EE85A6200BAF07C /* Build configuration list for PBXProject "SSJKeybordViewDemo" */;
			compatibilityVersion = "Xcode 3.2";
			developmentRegion = English;
			hasScannedForEncodings = 0;
			knownRegions = (
				en,
				Base,
				"zh-Hans",
			);
			mainGroup = 9C179FA41EE85A6200BAF07C;
			productRefGroup = 9C179FAE1EE85A6200BAF07C /* Products */;
			projectDirPath = "";
			projectRoot = "";
			targets = (
				9C179FAC1EE85A6200BAF07C /* SSJKeybordViewDemo */,
				9C179FC51EE85A6200BAF07C /* SSJKeybordViewDemoTests */,
				9C179FD01EE85A6200BAF07C /* SSJKeybordViewDemoUITests */,
			);
		};
/* End PBXProject section */

/* Begin PBXResourcesBuildPhase section */
		9C179FAB1EE85A6200BAF07C /* Resources */ = {
			isa = PBXResourcesBuildPhase;
			buildActionMask = 2147483647;
			files = (
				9C179FF11EE85AFA00BAF07C /* MainTableViewCell.xib in Resources */,
				9C179FEC1EE85AF400BAF07C /* MainTableViewVC.xib in Resources */,
				9C179FC01EE85A6200BAF07C /* LaunchScreen.storyboard in Resources */,
				9C179FE71EE85AD400BAF07C /* MainVC.xib in Resources */,
				9C179FBD1EE85A6200BAF07C /* Assets.xcassets in Resources */,
				9C179FBB1EE85A6200BAF07C /* Main.storyboard in Resources */,
			);
			runOnlyForDeploymentPostprocessing = 0;
		};
		9C179FC41EE85A6200BAF07C /* Resources */ = {
			isa = PBXResourcesBuildPhase;
			buildActionMask = 2147483647;
			files = (
			);
			runOnlyForDeploymentPostprocessing = 0;
		};
		9C179FCF1EE85A6200BAF07C /* Resources */ = {
			isa = PBXResourcesBuildPhase;
			buildActionMask = 2147483647;
			files = (
			);
			runOnlyForDeploymentPostprocessing = 0;
		};
/* End PBXResourcesBuildPhase section */

/* Begin PBXSourcesBuildPhase section */
		9C179FA91EE85A6200BAF07C /* Sources */ = {
			isa = PBXSourcesBuildPhase;
			buildActionMask = 2147483647;
			files = (
				9C179FF01EE85AFA00BAF07C /* MainTableViewCell.m in Sources */,
				9C179FB81EE85A6200BAF07C /* ViewController.m in Sources */,
				9C179FE61EE85AD400BAF07C /* MainVC.m in Sources */,
				9C179FEB1EE85AF400BAF07C /* MainTableViewVC.m in Sources */,
				9C179FB51EE85A6200BAF07C /* AppDelegate.m in Sources */,
				9C179FB21EE85A6200BAF07C /* main.m in Sources */,
			);
			runOnlyForDeploymentPostprocessing = 0;
		};
		9C179FC21EE85A6200BAF07C /* Sources */ = {
			isa = PBXSourcesBuildPhase;
			buildActionMask = 2147483647;
			files = (
				9C179FCB1EE85A6200BAF07C /* SSJKeybordViewDemoTests.m in Sources */,
			);
			runOnlyForDeploymentPostprocessing = 0;
		};
		9C179FCD1EE85A6200BAF07C /* Sources */ = {
			isa = PBXSourcesBuildPhase;
			buildActionMask = 2147483647;
			files = (
				9C179FD61EE85A6200BAF07C /* SSJKeybordViewDemoUITests.m in Sources */,
			);
			runOnlyForDeploymentPostprocessing = 0;
		};
/* End PBXSourcesBuildPhase section */

/* Begin PBXTargetDependency section */
		9C179FC81EE85A6200BAF07C /* PBXTargetDependency */ = {
			isa = PBXTargetDependency;
			target = 9C179FAC1EE85A6200BAF07C /* SSJKeybordViewDemo */;
			targetProxy = 9C179FC71EE85A6200BAF07C /* PBXContainerItemProxy */;
		};
		9C179FD31EE85A6200BAF07C /* PBXTargetDependency */ = {
			isa = PBXTargetDependency;
			target = 9C179FAC1EE85A6200BAF07C /* SSJKeybordViewDemo */;
			targetProxy = 9C179FD21EE85A6200BAF07C /* PBXContainerItemProxy */;
		};
/* End PBXTargetDependency section */

/* Begin PBXVariantGroup section */
		9C179FB91EE85A6200BAF07C /* Main.storyboard */ = {
			isa = PBXVariantGroup;
			children = (
				9C179FBA1EE85A6200BAF07C /* Base */,
			);
			name = Main.storyboard;
			sourceTree = "<group>";
		};
		9C179FBE1EE85A6200BAF07C /* LaunchScreen.storyboard */ = {
			isa = PBXVariantGroup;
			children = (
				9C179FBF1EE85A6200BAF07C /* Base */,
			);
			name = LaunchScreen.storyboard;
			sourceTree = "<group>";
		};
/* End PBXVariantGroup section */

/* Begin XCBuildConfiguration section */
		9C179FD81EE85A6200BAF07C /* Debug */ = {
			isa = XCBuildConfiguration;
			buildSettings = {
				ALWAYS_SEARCH_USER_PATHS = NO;
				CLANG_ANALYZER_NONNULL = YES;
				CLANG_ANALYZER_NUMBER_OBJECT_CONVERSION = YES_AGGRESSIVE;
				CLANG_CXX_LANGUAGE_STANDARD = "gnu++0x";
				CLANG_CXX_LIBRARY = "libc++";
				CLANG_ENABLE_MODULES = YES;
				CLANG_ENABLE_OBJC_ARC = YES;
				CLANG_WARN_BOOL_CONVERSION = YES;
				CLANG_WARN_CONSTANT_CONVERSION = YES;
				CLANG_WARN_DIRECT_OBJC_ISA_USAGE = YES_ERROR;
				CLANG_WARN_DOCUMENTATION_COMMENTS = YES;
				CLANG_WARN_EMPTY_BODY = YES;
				CLANG_WARN_ENUM_CONVERSION = YES;
				CLANG_WARN_INFINITE_RECURSION = YES;
				CLANG_WARN_INT_CONVERSION = YES;
				CLANG_WARN_OBJC_ROOT_CLASS = YES_ERROR;
				CLANG_WARN_SUSPICIOUS_MOVE = YES;
				CLANG_WARN_UNREACHABLE_CODE = YES;
				CLANG_WARN__DUPLICATE_METHOD_MATCH = YES;
				"CODE_SIGN_IDENTITY[sdk=iphoneos*]" = "iPhone Developer";
				COPY_PHASE_STRIP = NO;
				DEBUG_INFORMATION_FORMAT = dwarf;
				ENABLE_STRICT_OBJC_MSGSEND = YES;
				ENABLE_TESTABILITY = YES;
				GCC_C_LANGUAGE_STANDARD = gnu99;
				GCC_DYNAMIC_NO_PIC = NO;
				GCC_NO_COMMON_BLOCKS = YES;
				GCC_OPTIMIZATION_LEVEL = 0;
				GCC_PREPROCESSOR_DEFINITIONS = (
					"DEBUG=1",
					"$(inherited)",
				);
				GCC_WARN_64_TO_32_BIT_CONVERSION = YES;
				GCC_WARN_ABOUT_RETURN_TYPE = YES_ERROR;
				GCC_WARN_UNDECLARED_SELECTOR = YES;
				GCC_WARN_UNINITIALIZED_AUTOS = YES_AGGRESSIVE;
				GCC_WARN_UNUSED_FUNCTION = YES;
				GCC_WARN_UNUSED_VARIABLE = YES;
				IPHONEOS_DEPLOYMENT_TARGET = 10.3;
				MTL_ENABLE_DEBUG_INFO = YES;
				ONLY_ACTIVE_ARCH = YES;
				SDKROOT = iphoneos;
			};
			name = Debug;
		};
		9C179FD91EE85A6200BAF07C /* Release */ = {
			isa = XCBuildConfiguration;
			buildSettings = {
				ALWAYS_SEARCH_USER_PATHS = NO;
				CLANG_ANALYZER_NONNULL = YES;
				CLANG_ANALYZER_NUMBER_OBJECT_CONVERSION = YES_AGGRESSIVE;
				CLANG_CXX_LANGUAGE_STANDARD = "gnu++0x";
				CLANG_CXX_LIBRARY = "libc++";
				CLANG_ENABLE_MODULES = YES;
				CLANG_ENABLE_OBJC_ARC = YES;
				CLANG_WARN_BOOL_CONVERSION = YES;
				CLANG_WARN_CONSTANT_CONVERSION = YES;
				CLANG_WARN_DIRECT_OBJC_ISA_USAGE = YES_ERROR;
				CLANG_WARN_DOCUMENTATION_COMMENTS = YES;
				CLANG_WARN_EMPTY_BODY = YES;
				CLANG_WARN_ENUM_CONVERSION = YES;
				CLANG_WARN_INFINITE_RECURSION = YES;
				CLANG_WARN_INT_CONVERSION = YES;
				CLANG_WARN_OBJC_ROOT_CLASS = YES_ERROR;
				CLANG_WARN_SUSPICIOUS_MOVE = YES;
				CLANG_WARN_UNREACHABLE_CODE = YES;
				CLANG_WARN__DUPLICATE_METHOD_MATCH = YES;
				"CODE_SIGN_IDENTITY[sdk=iphoneos*]" = "iPhone Developer";
				COPY_PHASE_STRIP = NO;
				DEBUG_INFORMATION_FORMAT = "dwarf-with-dsym";
				ENABLE_NS_ASSERTIONS = NO;
				ENABLE_STRICT_OBJC_MSGSEND = YES;
				GCC_C_LANGUAGE_STANDARD = gnu99;
				GCC_NO_COMMON_BLOCKS = YES;
				GCC_WARN_64_TO_32_BIT_CONVERSION = YES;
				GCC_WARN_ABOUT_RETURN_TYPE = YES_ERROR;
				GCC_WARN_UNDECLARED_SELECTOR = YES;
				GCC_WARN_UNINITIALIZED_AUTOS = YES_AGGRESSIVE;
				GCC_WARN_UNUSED_FUNCTION = YES;
				GCC_WARN_UNUSED_VARIABLE = YES;
				IPHONEOS_DEPLOYMENT_TARGET = 10.3;
				MTL_ENABLE_DEBUG_INFO = NO;
				SDKROOT = iphoneos;
				VALIDATE_PRODUCT = YES;
			};
			name = Release;
		};
		9C179FDB1EE85A6200BAF07C /* Debug */ = {
			isa = XCBuildConfiguration;
			buildSettings = {
				ASSETCATALOG_COMPILER_APPICON_NAME = AppIcon;
				CODE_SIGN_IDENTITY = "iPhone Developer";
				"CODE_SIGN_IDENTITY[sdk=iphoneos*]" = "iPhone Developer";
				DEVELOPMENT_TEAM = Z4E4QAZTTP;
				INFOPLIST_FILE = SSJKeybordViewDemo/Info.plist;
				IPHONEOS_DEPLOYMENT_TARGET = 8.0;
				LD_RUNPATH_SEARCH_PATHS = "$(inherited) @executable_path/Frameworks";
				OTHER_LDFLAGS = "-licucore";
				PRODUCT_BUNDLE_IDENTIFIER = com.jss.SSJKeybordViewDemo;
				PRODUCT_NAME = "$(TARGET_NAME)";
				PROVISIONING_PROFILE = "";
				PROVISIONING_PROFILE_SPECIFIER = "";
			};
			name = Debug;
		};
		9C179FDC1EE85A6200BAF07C /* Release */ = {
			isa = XCBuildConfiguration;
			buildSettings = {
				ASSETCATALOG_COMPILER_APPICON_NAME = AppIcon;
				CODE_SIGN_IDENTITY = "iPhone Developer";
				"CODE_SIGN_IDENTITY[sdk=iphoneos*]" = "iPhone Developer";
				DEVELOPMENT_TEAM = Z4E4QAZTTP;
				INFOPLIST_FILE = SSJKeybordViewDemo/Info.plist;
				IPHONEOS_DEPLOYMENT_TARGET = 8.0;
				LD_RUNPATH_SEARCH_PATHS = "$(inherited) @executable_path/Frameworks";
				OTHER_LDFLAGS = "-licucore";
				PRODUCT_BUNDLE_IDENTIFIER = com.jss.SSJKeybordViewDemo;
				PRODUCT_NAME = "$(TARGET_NAME)";
				PROVISIONING_PROFILE = "";
				PROVISIONING_PROFILE_SPECIFIER = "";
			};
			name = Release;
		};
		9C179FDE1EE85A6200BAF07C /* Debug */ = {
			isa = XCBuildConfiguration;
			buildSettings = {
				BUNDLE_LOADER = "$(TEST_HOST)";
				INFOPLIST_FILE = SSJKeybordViewDemoTests/Info.plist;
				LD_RUNPATH_SEARCH_PATHS = "$(inherited) @executable_path/Frameworks @loader_path/Frameworks";
				PRODUCT_BUNDLE_IDENTIFIER = com.jss.SSJKeybordViewDemoTests;
				PRODUCT_NAME = "$(TARGET_NAME)";
				TEST_HOST = "$(BUILT_PRODUCTS_DIR)/SSJKeybordViewDemo.app/SSJKeybordViewDemo";
			};
			name = Debug;
		};
		9C179FDF1EE85A6200BAF07C /* Release */ = {
			isa = XCBuildConfiguration;
			buildSettings = {
				BUNDLE_LOADER = "$(TEST_HOST)";
				INFOPLIST_FILE = SSJKeybordViewDemoTests/Info.plist;
				LD_RUNPATH_SEARCH_PATHS = "$(inherited) @executable_path/Frameworks @loader_path/Frameworks";
				PRODUCT_BUNDLE_IDENTIFIER = com.jss.SSJKeybordViewDemoTests;
				PRODUCT_NAME = "$(TARGET_NAME)";
				TEST_HOST = "$(BUILT_PRODUCTS_DIR)/SSJKeybordViewDemo.app/SSJKeybordViewDemo";
			};
			name = Release;
		};
		9C179FE11EE85A6200BAF07C /* Debug */ = {
			isa = XCBuildConfiguration;
			buildSettings = {
				INFOPLIST_FILE = SSJKeybordViewDemoUITests/Info.plist;
				LD_RUNPATH_SEARCH_PATHS = "$(inherited) @executable_path/Frameworks @loader_path/Frameworks";
				PRODUCT_BUNDLE_IDENTIFIER = com.jss.SSJKeybordViewDemoUITests;
				PRODUCT_NAME = "$(TARGET_NAME)";
				TEST_TARGET_NAME = SSJKeybordViewDemo;
			};
			name = Debug;
		};
		9C179FE21EE85A6200BAF07C /* Release */ = {
			isa = XCBuildConfiguration;
			buildSettings = {
				INFOPLIST_FILE = SSJKeybordViewDemoUITests/Info.plist;
				LD_RUNPATH_SEARCH_PATHS = "$(inherited) @executable_path/Frameworks @loader_path/Frameworks";
				PRODUCT_BUNDLE_IDENTIFIER = com.jss.SSJKeybordViewDemoUITests;
				PRODUCT_NAME = "$(TARGET_NAME)";
				TEST_TARGET_NAME = SSJKeybordViewDemo;
			};
			name = Release;
		};
/* End XCBuildConfiguration section */

/* Begin XCConfigurationList section */
		9C179FA81EE85A6200BAF07C /* Build configuration list for PBXProject "SSJKeybordViewDemo" */ = {
			isa = XCConfigurationList;
			buildConfigurations = (
				9C179FD81EE85A6200BAF07C /* Debug */,
				9C179FD91EE85A6200BAF07C /* Release */,
			);
			defaultConfigurationIsVisible = 0;
			defaultConfigurationName = Release;
		};
		9C179FDA1EE85A6200BAF07C /* Build configuration list for PBXNativeTarget "SSJKeybordViewDemo" */ = {
			isa = XCConfigurationList;
			buildConfigurations = (
				9C179FDB1EE85A6200BAF07C /* Debug */,
				9C179FDC1EE85A6200BAF07C /* Release */,
			);
			defaultConfigurationIsVisible = 0;
			defaultConfigurationName = Release;
		};
		9C179FDD1EE85A6200BAF07C /* Build configuration list for PBXNativeTarget "SSJKeybordViewDemoTests" */ = {
			isa = XCConfigurationList;
			buildConfigurations = (
				9C179FDE1EE85A6200BAF07C /* Debug */,
				9C179FDF1EE85A6200BAF07C /* Release */,
			);
			defaultConfigurationIsVisible = 0;
			defaultConfigurationName = Release;
		};
		9C179FE01EE85A6200BAF07C /* Build configuration list for PBXNativeTarget "SSJKeybordViewDemoUITests" */ = {
			isa = XCConfigurationList;
			buildConfigurations = (
				9C179FE11EE85A6200BAF07C /* Debug */,
				9C179FE21EE85A6200BAF07C /* Release */,
			);
			defaultConfigurationIsVisible = 0;
			defaultConfigurationName = Release;
		};
/* End XCConfigurationList section */
	};
	rootObject = 9C179FA51EE85A6200BAF07C /* Project object */;
}
